// !$*UTF8*$!
{
	archiveVersion = 1;
	classes = {
	};
	objectVersion = 55;
	objects = {

/* Begin PBXBuildFile section */
		2C827D53284A4214000A616E /* ImageTransformer.swift in Sources */ = {isa = PBXBuildFile; fileRef = 2C827D52284A4214000A616E /* ImageTransformer.swift */; };
		2C827D56284A436B000A616E /* User+CoreDataClass.swift in Sources */ = {isa = PBXBuildFile; fileRef = 2C827D54284A436B000A616E /* User+CoreDataClass.swift */; };
		2C827D57284A436B000A616E /* User+CoreDataProperties.swift in Sources */ = {isa = PBXBuildFile; fileRef = 2C827D55284A436B000A616E /* User+CoreDataProperties.swift */; };
		2CAB56032847DA01000B07C7 /* AppDelegate.swift in Sources */ = {isa = PBXBuildFile; fileRef = 2CAB56022847DA01000B07C7 /* AppDelegate.swift */; };
		2CAB56052847DA01000B07C7 /* SceneDelegate.swift in Sources */ = {isa = PBXBuildFile; fileRef = 2CAB56042847DA01000B07C7 /* SceneDelegate.swift */; };
		2CAB56072847DA01000B07C7 /* ViewController.swift in Sources */ = {isa = PBXBuildFile; fileRef = 2CAB56062847DA01000B07C7 /* ViewController.swift */; };
		2CAB560A2847DA01000B07C7 /* Main.storyboard in Resources */ = {isa = PBXBuildFile; fileRef = 2CAB56082847DA01000B07C7 /* Main.storyboard */; };
		2CAB560D2847DA01000B07C7 /* PersistentLesson3.xcdatamodeld in Sources */ = {isa = PBXBuildFile; fileRef = 2CAB560B2847DA01000B07C7 /* PersistentLesson3.xcdatamodeld */; };
		2CAB560F2847DA03000B07C7 /* Assets.xcassets in Resources */ = {isa = PBXBuildFile; fileRef = 2CAB560E2847DA03000B07C7 /* Assets.xcassets */; };
		2CAB56122847DA03000B07C7 /* LaunchScreen.storyboard in Resources */ = {isa = PBXBuildFile; fileRef = 2CAB56102847DA03000B07C7 /* LaunchScreen.storyboard */; };
		2CAB561D2847DACF000B07C7 /* Book+CoreDataClass.swift in Sources */ = {isa = PBXBuildFile; fileRef = 2CAB56192847DACF000B07C7 /* Book+CoreDataClass.swift */; };
		2CAB561E2847DACF000B07C7 /* Book+CoreDataProperties.swift in Sources */ = {isa = PBXBuildFile; fileRef = 2CAB561A2847DACF000B07C7 /* Book+CoreDataProperties.swift */; };
		2CAB56262847DC0B000B07C7 /* TableViewController.swift in Sources */ = {isa = PBXBuildFile; fileRef = 2CAB56252847DC0B000B07C7 /* TableViewController.swift */; };
/* End PBXBuildFile section */

/* Begin PBXFileReference section */
		2C827D52284A4214000A616E /* ImageTransformer.swift */ = {isa = PBXFileReference; lastKnownFileType = sourcecode.swift; path = ImageTransformer.swift; sourceTree = "<group>"; };
		2C827D54284A436B000A616E /* User+CoreDataClass.swift */ = {isa = PBXFileReference; lastKnownFileType = sourcecode.swift; path = "User+CoreDataClass.swift"; sourceTree = "<group>"; };
		2C827D55284A436B000A616E /* User+CoreDataProperties.swift */ = {isa = PBXFileReference; lastKnownFileType = sourcecode.swift; path = "User+CoreDataProperties.swift"; sourceTree = "<group>"; };
		2CAB55FF2847DA01000B07C7 /* PersistentLesson3.app */ = {isa = PBXFileReference; explicitFileType = wrapper.application; includeInIndex = 0; path = PersistentLesson3.app; sourceTree = BUILT_PRODUCTS_DIR; };
		2CAB56022847DA01000B07C7 /* AppDelegate.swift */ = {isa = PBXFileReference; lastKnownFileType = sourcecode.swift; path = AppDelegate.swift; sourceTree = "<group>"; };
		2CAB56042847DA01000B07C7 /* SceneDelegate.swift */ = {isa = PBXFileReference; lastKnownFileType = sourcecode.swift; path = SceneDelegate.swift; sourceTree = "<group>"; };
		2CAB56062847DA01000B07C7 /* ViewController.swift */ = {isa = PBXFileReference; lastKnownFileType = sourcecode.swift; path = ViewController.swift; sourceTree = "<group>"; };
		2CAB56092847DA01000B07C7 /* Base */ = {isa = PBXFileReference; lastKnownFileType = file.storyboard; name = Base; path = Base.lproj/Main.storyboard; sourceTree = "<group>"; };
		2CAB560C2847DA01000B07C7 /* PersistentLesson3.xcdatamodel */ = {isa = PBXFileReference; lastKnownFileType = wrapper.xcdatamodel; path = PersistentLesson3.xcdatamodel; sourceTree = "<group>"; };
		2CAB560E2847DA03000B07C7 /* Assets.xcassets */ = {isa = PBXFileReference; lastKnownFileType = folder.assetcatalog; path = Assets.xcassets; sourceTree = "<group>"; };
		2CAB56112847DA03000B07C7 /* Base */ = {isa = PBXFileReference; lastKnownFileType = file.storyboard; name = Base; path = Base.lproj/LaunchScreen.storyboard; sourceTree = "<group>"; };
		2CAB56132847DA03000B07C7 /* Info.plist */ = {isa = PBXFileReference; lastKnownFileType = text.plist.xml; path = Info.plist; sourceTree = "<group>"; };
		2CAB56192847DACF000B07C7 /* Book+CoreDataClass.swift */ = {isa = PBXFileReference; lastKnownFileType = sourcecode.swift; path = "Book+CoreDataClass.swift"; sourceTree = "<group>"; };
		2CAB561A2847DACF000B07C7 /* Book+CoreDataProperties.swift */ = {isa = PBXFileReference; lastKnownFileType = sourcecode.swift; path = "Book+CoreDataProperties.swift"; sourceTree = "<group>"; };
		2CAB56252847DC0B000B07C7 /* TableViewController.swift */ = {isa = PBXFileReference; lastKnownFileType = sourcecode.swift; path = TableViewController.swift; sourceTree = "<group>"; };
/* End PBXFileReference section */

/* Begin PBXFrameworksBuildPhase section */
		2CAB55FC2847DA01000B07C7 /* Frameworks */ = {
			isa = PBXFrameworksBuildPhase;
			buildActionMask = 2147483647;
			files = (
			);
			runOnlyForDeploymentPostprocessing = 0;
		};
/* End PBXFrameworksBuildPhase section */

/* Begin PBXGroup section */
		2CAB55F62847DA01000B07C7 = {
			isa = PBXGroup;
			children = (
				2CAB56222847DB0E000B07C7 /* Models */,
				2CAB56012847DA01000B07C7 /* PersistentLesson3 */,
				2CAB56002847DA01000B07C7 /* Products */,
			);
			sourceTree = "<group>";
		};
		2CAB56002847DA01000B07C7 /* Products */ = {
			isa = PBXGroup;
			children = (
				2CAB55FF2847DA01000B07C7 /* PersistentLesson3.app */,
			);
			name = Products;
			sourceTree = "<group>";
		};
		2CAB56012847DA01000B07C7 /* PersistentLesson3 */ = {
			isa = PBXGroup;
			children = (
				2CAB56022847DA01000B07C7 /* AppDelegate.swift */,
				2CAB56042847DA01000B07C7 /* SceneDelegate.swift */,
				2C827D52284A4214000A616E /* ImageTransformer.swift */,
				2CAB56062847DA01000B07C7 /* ViewController.swift */,
				2CAB56252847DC0B000B07C7 /* TableViewController.swift */,
				2CAB56082847DA01000B07C7 /* Main.storyboard */,
				2CAB560E2847DA03000B07C7 /* Assets.xcassets */,
				2CAB56102847DA03000B07C7 /* LaunchScreen.storyboard */,
				2CAB56132847DA03000B07C7 /* Info.plist */,
				2CAB560B2847DA01000B07C7 /* PersistentLesson3.xcdatamodeld */,
			);
			path = PersistentLesson3;
			sourceTree = "<group>";
		};
		2CAB56222847DB0E000B07C7 /* Models */ = {
			isa = PBXGroup;
			children = (
				2C827D54284A436B000A616E /* User+CoreDataClass.swift */,
				2C827D55284A436B000A616E /* User+CoreDataProperties.swift */,
				2CAB56192847DACF000B07C7 /* Book+CoreDataClass.swift */,
				2CAB561A2847DACF000B07C7 /* Book+CoreDataProperties.swift */,
			);
			path = Models;
			sourceTree = "<group>";
		};
/* End PBXGroup section */

/* Begin PBXNativeTarget section */
		2CAB55FE2847DA01000B07C7 /* PersistentLesson3 */ = {
			isa = PBXNativeTarget;
			buildConfigurationList = 2CAB56162847DA03000B07C7 /* Build configuration list for PBXNativeTarget "PersistentLesson3" */;
			buildPhases = (
				2CAB55FB2847DA01000B07C7 /* Sources */,
				2CAB55FC2847DA01000B07C7 /* Frameworks */,
				2CAB55FD2847DA01000B07C7 /* Resources */,
			);
			buildRules = (
			);
			dependencies = (
			);
			name = PersistentLesson3;
			productName = PersistentLesson3;
			productReference = 2CAB55FF2847DA01000B07C7 /* PersistentLesson3.app */;
			productType = "com.apple.product-type.application";
		};
/* End PBXNativeTarget section */

/* Begin PBXProject section */
		2CAB55F72847DA01000B07C7 /* Project object */ = {
			isa = PBXProject;
			attributes = {
				BuildIndependentTargetsInParallel = 1;
				LastSwiftUpdateCheck = 1330;
				LastUpgradeCheck = 1330;
				TargetAttributes = {
					2CAB55FE2847DA01000B07C7 = {
						CreatedOnToolsVersion = 13.3;
					};
				};
			};
			buildConfigurationList = 2CAB55FA2847DA01000B07C7 /* Build configuration list for PBXProject "PersistentLesson3" */;
			compatibilityVersion = "Xcode 13.0";
			developmentRegion = en;
			hasScannedForEncodings = 0;
			knownRegions = (
				en,
				Base,
			);
			mainGroup = 2CAB55F62847DA01000B07C7;
			productRefGroup = 2CAB56002847DA01000B07C7 /* Products */;
			projectDirPath = "";
			projectRoot = "";
			targets = (
				2CAB55FE2847DA01000B07C7 /* PersistentLesson3 */,
			);
		};
/* End PBXProject section */

/* Begin PBXResourcesBuildPhase section */
		2CAB55FD2847DA01000B07C7 /* Resources */ = {
			isa = PBXResourcesBuildPhase;
			buildActionMask = 2147483647;
			files = (
				2CAB56122847DA03000B07C7 /* LaunchScreen.storyboard in Resources */,
				2CAB560F2847DA03000B07C7 /* Assets.xcassets in Resources */,
				2CAB560A2847DA01000B07C7 /* Main.storyboard in Resources */,
			);
			runOnlyForDeploymentPostprocessing = 0;
		};
/* End PBXResourcesBuildPhase section */

/* Begin PBXSourcesBuildPhase section */
		2CAB55FB2847DA01000B07C7 /* Sources */ = {
			isa = PBXSourcesBuildPhase;
			buildActionMask = 2147483647;
			files = (
				2CAB561D2847DACF000B07C7 /* Book+CoreDataClass.swift in Sources */,
				2C827D53284A4214000A616E /* ImageTransformer.swift in Sources */,
				2C827D57284A436B000A616E /* User+CoreDataProperties.swift in Sources */,
				2CAB56072847DA01000B07C7 /* ViewController.swift in Sources */,
				2CAB561E2847DACF000B07C7 /* Book+CoreDataProperties.swift in Sources */,
				2CAB56032847DA01000B07C7 /* AppDelegate.swift in Sources */,
				2CAB560D2847DA01000B07C7 /* PersistentLesson3.xcdatamodeld in Sources */,
				2C827D56284A436B000A616E /* User+CoreDataClass.swift in Sources */,
				2CAB56052847DA01000B07C7 /* SceneDelegate.swift in Sources */,
				2CAB56262847DC0B000B07C7 /* TableViewController.swift in Sources */,
			);
			runOnlyForDeploymentPostprocessing = 0;
		};
/* End PBXSourcesBuildPhase section */

/* Begin PBXVariantGroup section */
		2CAB56082847DA01000B07C7 /* Main.storyboard */ = {
			isa = PBXVariantGroup;
			children = (
				2CAB56092847DA01000B07C7 /* Base */,
			);
			name = Main.storyboard;
			sourceTree = "<group>";
		};
		2CAB56102847DA03000B07C7 /* LaunchScreen.storyboard */ = {
			isa = PBXVariantGroup;
			children = (
				2CAB56112847DA03000B07C7 /* Base */,
			);
			name = LaunchScreen.storyboard;
			sourceTree = "<group>";
		};
/* End PBXVariantGroup section */

/* Begin XCBuildConfiguration section */
		2CAB56142847DA03000B07C7 /* Debug */ = {
			isa = XCBuildConfiguration;
			buildSettings = {
				ALWAYS_SEARCH_USER_PATHS = NO;
				CLANG_ANALYZER_NONNULL = YES;
				CLANG_ANALYZER_NUMBER_OBJECT_CONVERSION = YES_AGGRESSIVE;
				CLANG_CXX_LANGUAGE_STANDARD = "gnu++17";
				CLANG_ENABLE_MODULES = YES;
				CLANG_ENABLE_OBJC_ARC = YES;
				CLANG_ENABLE_OBJC_WEAK = YES;
				CLANG_WARN_BLOCK_CAPTURE_AUTORELEASING = YES;
				CLANG_WARN_BOOL_CONVERSION = YES;
				CLANG_WARN_COMMA = YES;
				CLANG_WARN_CONSTANT_CONVERSION = YES;
				CLANG_WARN_DEPRECATED_OBJC_IMPLEMENTATIONS = YES;
				CLANG_WARN_DIRECT_OBJC_ISA_USAGE = YES_ERROR;
				CLANG_WARN_DOCUMENTATION_COMMENTS = YES;
				CLANG_WARN_EMPTY_BODY = YES;
				CLANG_WARN_ENUM_CONVERSION = YES;
				CLANG_WARN_INFINITE_RECURSION = YES;
				CLANG_WARN_INT_CONVERSION = YES;
				CLANG_WARN_NON_LITERAL_NULL_CONVERSION = YES;
				CLANG_WARN_OBJC_IMPLICIT_RETAIN_SELF = YES;
				CLANG_WARN_OBJC_LITERAL_CONVERSION = YES;
				CLANG_WARN_OBJC_ROOT_CLASS = YES_ERROR;
				CLANG_WARN_QUOTED_INCLUDE_IN_FRAMEWORK_HEADER = YES;
				CLANG_WARN_RANGE_LOOP_ANALYSIS = YES;
				CLANG_WARN_STRICT_PROTOTYPES = YES;
				CLANG_WARN_SUSPICIOUS_MOVE = YES;
				CLANG_WARN_UNGUARDED_AVAILABILITY = YES_AGGRESSIVE;
				CLANG_WARN_UNREACHABLE_CODE = YES;
				CLANG_WARN__DUPLICATE_METHOD_MATCH = YES;
				COPY_PHASE_STRIP = NO;
				DEBUG_INFORMATION_FORMAT = dwarf;
				ENABLE_STRICT_OBJC_MSGSEND = YES;
				ENABLE_TESTABILITY = YES;
				GCC_C_LANGUAGE_STANDARD = gnu11;
				GCC_DYNAMIC_NO_PIC = NO;
				GCC_NO_COMMON_BLOCKS = YES;
				GCC_OPTIMIZATION_LEVEL = 0;
				GCC_PREPROCESSOR_DEFINITIONS = (
					"DEBUG=1",
					"$(inherited)",
				);
				GCC_WARN_64_TO_32_BIT_CONVERSION = YES;
				GCC_WARN_ABOUT_RETURN_TYPE = YES_ERROR;
				GCC_WARN_UNDECLARED_SELECTOR = YES;
				GCC_WARN_UNINITIALIZED_AUTOS = YES_AGGRESSIVE;
				GCC_WARN_UNUSED_FUNCTION = YES;
				GCC_WARN_UNUSED_VARIABLE = YES;
				IPHONEOS_DEPLOYMENT_TARGET = 15.4;
				MTL_ENABLE_DEBUG_INFO = INCLUDE_SOURCE;
				MTL_FAST_MATH = YES;
				ONLY_ACTIVE_ARCH = YES;
				SDKROOT = iphoneos;
				SWIFT_ACTIVE_COMPILATION_CONDITIONS = DEBUG;
				SWIFT_OPTIMIZATION_LEVEL = "-Onone";
			};
			name = Debug;
		};
		2CAB56152847DA03000B07C7 /* Release */ = {
			isa = XCBuildConfiguration;
			buildSettings = {
				ALWAYS_SEARCH_USER_PATHS = NO;
				CLANG_ANALYZER_NONNULL = YES;
				CLANG_ANALYZER_NUMBER_OBJECT_CONVERSION = YES_AGGRESSIVE;
				CLANG_CXX_LANGUAGE_STANDARD = "gnu++17";
				CLANG_ENABLE_MODULES = YES;
				CLANG_ENABLE_OBJC_ARC = YES;
				CLANG_ENABLE_OBJC_WEAK = YES;
				CLANG_WARN_BLOCK_CAPTURE_AUTORELEASING = YES;
				CLANG_WARN_BOOL_CONVERSION = YES;
				CLANG_WARN_COMMA = YES;
				CLANG_WARN_CONSTANT_CONVERSION = YES;
				CLANG_WARN_DEPRECATED_OBJC_IMPLEMENTATIONS = YES;
				CLANG_WARN_DIRECT_OBJC_ISA_USAGE = YES_ERROR;
				CLANG_WARN_DOCUMENTATION_COMMENTS = YES;
				CLANG_WARN_EMPTY_BODY = YES;
				CLANG_WARN_ENUM_CONVERSION = YES;
				CLANG_WARN_INFINITE_RECURSION = YES;
				CLANG_WARN_INT_CONVERSION = YES;
				CLANG_WARN_NON_LITERAL_NULL_CONVERSION = YES;
				CLANG_WARN_OBJC_IMPLICIT_RETAIN_SELF = YES;
				CLANG_WARN_OBJC_LITERAL_CONVERSION = YES;
				CLANG_WARN_OBJC_ROOT_CLASS = YES_ERROR;
				CLANG_WARN_QUOTED_INCLUDE_IN_FRAMEWORK_HEADER = YES;
				CLANG_WARN_RANGE_LOOP_ANALYSIS = YES;
				CLANG_WARN_STRICT_PROTOTYPES = YES;
				CLANG_WARN_SUSPICIOUS_MOVE = YES;
				CLANG_WARN_UNGUARDED_AVAILABILITY = YES_AGGRESSIVE;
				CLANG_WARN_UNREACHABLE_CODE = YES;
				CLANG_WARN__DUPLICATE_METHOD_MATCH = YES;
				COPY_PHASE_STRIP = NO;
				DEBUG_INFORMATION_FORMAT = "dwarf-with-dsym";
				ENABLE_NS_ASSERTIONS = NO;
				ENABLE_STRICT_OBJC_MSGSEND = YES;
				GCC_C_LANGUAGE_STANDARD = gnu11;
				GCC_NO_COMMON_BLOCKS = YES;
				GCC_WARN_64_TO_32_BIT_CONVERSION = YES;
				GCC_WARN_ABOUT_RETURN_TYPE = YES_ERROR;
				GCC_WARN_UNDECLARED_SELECTOR = YES;
				GCC_WARN_UNINITIALIZED_AUTOS = YES_AGGRESSIVE;
				GCC_WARN_UNUSED_FUNCTION = YES;
				GCC_WARN_UNUSED_VARIABLE = YES;
				IPHONEOS_DEPLOYMENT_TARGET = 15.4;
				MTL_ENABLE_DEBUG_INFO = NO;
				MTL_FAST_MATH = YES;
				SDKROOT = iphoneos;
				SWIFT_COMPILATION_MODE = wholemodule;
				SWIFT_OPTIMIZATION_LEVEL = "-O";
				VALIDATE_PRODUCT = YES;
			};
			name = Release;
		};
		2CAB56172847DA03000B07C7 /* Debug */ = {
			isa = XCBuildConfiguration;
			buildSettings = {
				ASSETCATALOG_COMPILER_APPICON_NAME = AppIcon;
				ASSETCATALOG_COMPILER_GLOBAL_ACCENT_COLOR_NAME = AccentColor;
				CODE_SIGN_STYLE = Automatic;
				CURRENT_PROJECT_VERSION = 1;
				GENERATE_INFOPLIST_FILE = YES;
				INFOPLIST_FILE = PersistentLesson3/Info.plist;
				INFOPLIST_KEY_UIApplicationSupportsIndirectInputEvents = YES;
				INFOPLIST_KEY_UILaunchStoryboardName = LaunchScreen;
				INFOPLIST_KEY_UIMainStoryboardFile = Main;
				INFOPLIST_KEY_UISupportedInterfaceOrientations_iPad = "UIInterfaceOrientationPortrait UIInterfaceOrientationPortraitUpsideDown UIInterfaceOrientationLandscapeLeft UIInterfaceOrientationLandscapeRight";
				INFOPLIST_KEY_UISupportedInterfaceOrientations_iPhone = "UIInterfaceOrientationPortrait UIInterfaceOrientationLandscapeLeft UIInterfaceOrientationLandscapeRight";
				LD_RUNPATH_SEARCH_PATHS = (
					"$(inherited)",
					"@executable_path/Frameworks",
				);
				MARKETING_VERSION = 1.0;
				PRODUCT_BUNDLE_IDENTIFIER = "-.PersistentLesson3";
				PRODUCT_NAME = "$(TARGET_NAME)";
				SWIFT_EMIT_LOC_STRINGS = YES;
				SWIFT_VERSION = 5.0;
				TARGETED_DEVICE_FAMILY = "1,2";
			};
			name = Debug;
		};
		2CAB56182847DA03000B07C7 /* Release */ = {
			isa = XCBuildConfiguration;
			buildSettings = {
				ASSETCATALOG_COMPILER_APPICON_NAME = AppIcon;
				ASSETCATALOG_COMPILER_GLOBAL_ACCENT_COLOR_NAME = AccentColor;
				CODE_SIGN_STYLE = Automatic;
				CURRENT_PROJECT_VERSION = 1;
				GENERATE_INFOPLIST_FILE = YES;
				INFOPLIST_FILE = PersistentLesson3/Info.plist;
				INFOPLIST_KEY_UIApplicationSupportsIndirectInputEvents = YES;
				INFOPLIST_KEY_UILaunchStoryboardName = LaunchScreen;
				INFOPLIST_KEY_UIMainStoryboardFile = Main;
				INFOPLIST_KEY_UISupportedInterfaceOrientations_iPad = "UIInterfaceOrientationPortrait UIInterfaceOrientationPortraitUpsideDown UIInterfaceOrientationLandscapeLeft UIInterfaceOrientationLandscapeRight";
				INFOPLIST_KEY_UISupportedInterfaceOrientations_iPhone = "UIInterfaceOrientationPortrait UIInterfaceOrientationLandscapeLeft UIInterfaceOrientationLandscapeRight";
				LD_RUNPATH_SEARCH_PATHS = (
					"$(inherited)",
					"@executable_path/Frameworks",
				);
				MARKETING_VERSION = 1.0;
				PRODUCT_BUNDLE_IDENTIFIER = "-.PersistentLesson3";
				PRODUCT_NAME = "$(TARGET_NAME)";
				SWIFT_EMIT_LOC_STRINGS = YES;
				SWIFT_VERSION = 5.0;
				TARGETED_DEVICE_FAMILY = "1,2";
			};
			name = Release;
		};
/* End XCBuildConfiguration section */

/* Begin XCConfigurationList section */
		2CAB55FA2847DA01000B07C7 /* Build configuration list for PBXProject "PersistentLesson3" */ = {
			isa = XCConfigurationList;
			buildConfigurations = (
				2CAB56142847DA03000B07C7 /* Debug */,
				2CAB56152847DA03000B07C7 /* Release */,
			);
			defaultConfigurationIsVisible = 0;
			defaultConfigurationName = Release;
		};
		2CAB56162847DA03000B07C7 /* Build configuration list for PBXNativeTarget "PersistentLesson3" */ = {
			isa = XCConfigurationList;
			buildConfigurations = (
				2CAB56172847DA03000B07C7 /* Debug */,
				2CAB56182847DA03000B07C7 /* Release */,
			);
			defaultConfigurationIsVisible = 0;
			defaultConfigurationName = Release;
		};
/* End XCConfigurationList section */

/* Begin XCVersionGroup section */
		2CAB560B2847DA01000B07C7 /* PersistentLesson3.xcdatamodeld */ = {
			isa = XCVersionGroup;
			children = (
				2CAB560C2847DA01000B07C7 /* PersistentLesson3.xcdatamodel */,
			);
			currentVersion = 2CAB560C2847DA01000B07C7 /* PersistentLesson3.xcdatamodel */;
			path = PersistentLesson3.xcdatamodeld;
			sourceTree = "<group>";
			versionGroupType = wrapper.xcdatamodel;
		};
/* End XCVersionGroup section */
	};
	rootObject = 2CAB55F72847DA01000B07C7 /* Project object */;
}
